
Microsoft Visual Studio Solution File, Format Version 12.00
# Visual Studio Version 16
VisualStudioVersion = 16.0.29920.165
MinimumVisualStudioVersion = 10.0.40219.1
Project("{FAE04EC0-301F-11D3-BF4B-00C04F79EFBC}") = "Comp.7216Prototype", "Comp.7216Prototype\Comp.7216Prototype.csproj", "{900E72D7-F45A-4E71-9014-8A352B4CEA5D}"
EndProject
Global
	GlobalSection(SolutionConfigurationPlatforms) = preSolution
		Debug|Any CPU = Debug|Any CPU
		Release|Any CPU = Release|Any CPU
	EndGlobalSection
	GlobalSection(ProjectConfigurationPlatforms) = postSolution
		{900E72D7-F45A-4E71-9014-8A352B4CEA5D}.Debug|Any CPU.ActiveCfg = Debug|Any CPU
		{900E72D7-F45A-4E71-9014-8A352B4CEA5D}.Debug|Any CPU.Build.0 = Debug|Any CPU
		{900E72D7-F45A-4E71-9014-8A352B4CEA5D}.Release|Any CPU.ActiveCfg = Release|Any CPU
		{900E72D7-F45A-4E71-9014-8A352B4CEA5D}.Release|Any CPU.Build.0 = Release|Any CPU
	EndGlobalSection
	GlobalSection(SolutionProperties) = preSolution
		HideSolutionNode = FALSE
	EndGlobalSection
	GlobalSection(ExtensibilityGlobals) = postSolution
		SolutionGuid = {3B3CA369-373A-44D4-9429-8CDFB35D18EE}
	EndGlobalSection
EndGlobal
